
Microsoft Visual Studio Solution File, Format Version 12.00
# Visual Studio Version 17
VisualStudioVersion = 17.13.35825.156 d17.13
MinimumVisualStudioVersion = 10.0.40219.1
Project("{54A90642-561A-4BB1-A94E-469ADEE60C69}") = "reactts1", "reactts1.esproj", "{7F41E72C-5348-4330-A650-FC1D408506F3}"
EndProject
Global
	GlobalSection(SolutionConfigurationPlatforms) = preSolution
		Debug|Any CPU = Debug|Any CPU
		Release|Any CPU = Release|Any CPU
	EndGlobalSection
	GlobalSection(ProjectConfigurationPlatforms) = postSolution
		{7F41E72C-5348-4330-A650-FC1D408506F3}.Debug|Any CPU.ActiveCfg = Debug|Any CPU
		{7F41E72C-5348-4330-A650-FC1D408506F3}.Debug|Any CPU.Build.0 = Debug|Any CPU
		{7F41E72C-5348-4330-A650-FC1D408506F3}.Debug|Any CPU.Deploy.0 = Debug|Any CPU
		{7F41E72C-5348-4330-A650-FC1D408506F3}.Release|Any CPU.ActiveCfg = Release|Any CPU
		{7F41E72C-5348-4330-A650-FC1D408506F3}.Release|Any CPU.Build.0 = Release|Any CPU
		{7F41E72C-5348-4330-A650-FC1D408506F3}.Release|Any CPU.Deploy.0 = Release|Any CPU
	EndGlobalSection
	GlobalSection(SolutionProperties) = preSolution
		HideSolutionNode = FALSE
	EndGlobalSection
	GlobalSection(ExtensibilityGlobals) = postSolution
		SolutionGuid = {9B241A6B-5806-49AB-B501-740729F45E21}
	EndGlobalSection
EndGlobal
